<Solution>
  <Folder Name="/Extensions/">
    <Project Path="sources/Extensions/Zenith.NET.Extensions.ImGui/Zenith.NET.Extensions.ImGui.csproj" />
    <Project Path="sources/Extensions/Zenith.NET.Extensions.Skia/Zenith.NET.Extensions.Skia.csproj" />
    <Project Path="sources/Extensions/Zenith.NET.Extensions.Slang/Zenith.NET.Extensions.Slang.csproj" />
  </Folder>
  <Folder Name="/Solution Items/">
    <File Path="sources/Directory.Build.props" />
    <File Path="sources/Directory.Packages.props" />
  </Folder>
  <Folder Name="/Views/">
    <Project Path="sources/Views/Zenith.NET.Views.Maui/Zenith.NET.Views.Maui.csproj" />
    <Project Path="sources/Views/Zenith.NET.Views.WinUI/Zenith.NET.Views.WinUI.csproj" />
    <Project Path="sources/Views/Zenith.NET.Views.WPF/Zenith.NET.Views.WPF.csproj" />
  </Folder>
  <Project Path="sources/Zenith.NET.DirectX12/Zenith.NET.DirectX12.csproj" />
  <Project Path="sources/Zenith.NET.Metal/Zenith.NET.Metal.csproj" />
  <Project Path="sources/Zenith.NET.Vulkan/Zenith.NET.Vulkan.csproj" />
  <Project Path="sources/Zenith.NET/Zenith.NET.csproj" />
</Solution>
